# This file is automatically @generated by Cargo.
# It is not intended for manual editing.
version = 4

[[package]]
name = "runlane-agent"
version = "0.1.0"
dependencies = [
 "runlane-core",
]

[[package]]
name = "runlane-core"
version = "0.1.0"

[[package]]
name = "runlane-helper"
version = "0.1.0"
dependencies = [
 "runlane-core",
]

[[package]]
name = "runlane-server"
version = "0.1.0"
dependencies = [
 "runlane-core",
]
